
Microsoft Visual Studio Solution File, Format Version 12.00
Project("{FAE04EC0-301F-11D3-BF4B-00C04F79EFBC}") = "Modulitis.IPC", "src\Modulitis.IPC\Modulitis.IPC.csproj", "{DE68C523-A2C7-4C18-8B06-DC35755C8777}"
EndProject
Project("{2150E333-8FDC-42A3-9474-1A3956D46DE8}") = "src", "src", "{CBB2FE9D-8D00-4EC5-88F9-A056F83C0E93}"
EndProject
Project("{2150E333-8FDC-42A3-9474-1A3956D46DE8}") = "samples", "samples", "{1D54A7A5-77E4-43A1-B9CE-E58B8FF5D6A7}"
EndProject
Project("{FAE04EC0-301F-11D3-BF4B-00C04F79EFBC}") = "Modulitis.Examples.Console", "samples\Modulitis.Examples.Console\Modulitis.Examples.Console.csproj", "{CB44CE73-1ADA-4BB2-BBEB-AE72CB6D0B4F}"
EndProject
Project("{FAE04EC0-301F-11D3-BF4B-00C04F79EFBC}") = "Modulitis.IPC.NamedPipe", "src\Modulitis.IPC.NamedPipe\Modulitis.IPC.NamedPipe.csproj", "{111E6B8F-6E7E-4D94-8A94-FC36B69487AF}"
EndProject
Project("{2150E333-8FDC-42A3-9474-1A3956D46DE8}") = "drafts", "drafts", "{976EF842-34AF-4749-AEE6-73B535DDF88C}"
EndProject
Project("{FAE04EC0-301F-11D3-BF4B-00C04F79EFBC}") = "Modulitis.Draft.NamedPipeMessaging", "drafts\Modulitis.Draft.NamedPipeMessaging\Modulitis.Draft.NamedPipeMessaging.csproj", "{FCE14DE7-C7DA-46DB-8218-E32A5F080FC5}"
EndProject
Project("{FAE04EC0-301F-11D3-BF4B-00C04F79EFBC}") = "Modulitis", "src\Modulitis\Modulitis.csproj", "{802DB093-7DD0-4517-84C5-658D4FBE822D}"
EndProject
Project("{FAE04EC0-301F-11D3-BF4B-00C04F79EFBC}") = "Modulitis.Module", "src\Modulitis.Module\Modulitis.Module.csproj", "{9A352F3D-D28C-4A7D-87D2-A0A515EE8FE9}"
EndProject
Project("{FAE04EC0-301F-11D3-BF4B-00C04F79EFBC}") = "Modulitis.Module.Processed", "src\Modulitis.Module.Processed\Modulitis.Module.Processed.csproj", "{34076D33-F712-49E9-8EA1-DD596DFA652E}"
EndProject
Project("{FAE04EC0-301F-11D3-BF4B-00C04F79EFBC}") = "Modulitis.Module.Processed.App", "src\Modulitis.Module.Processed.App\Modulitis.Module.Processed.App.csproj", "{58A5DBB8-ABB5-4CFA-BE67-14B257B75B49}"
EndProject
Project("{2150E333-8FDC-42A3-9474-1A3956D46DE8}") = "tests", "tests", "{0F96694B-36E8-4B7F-83BC-487C45FC579F}"
EndProject
Global
	GlobalSection(SolutionConfigurationPlatforms) = preSolution
		Debug|Any CPU = Debug|Any CPU
		Release|Any CPU = Release|Any CPU
	EndGlobalSection
	GlobalSection(ProjectConfigurationPlatforms) = postSolution
		{DE68C523-A2C7-4C18-8B06-DC35755C8777}.Debug|Any CPU.ActiveCfg = Debug|Any CPU
		{DE68C523-A2C7-4C18-8B06-DC35755C8777}.Debug|Any CPU.Build.0 = Debug|Any CPU
		{DE68C523-A2C7-4C18-8B06-DC35755C8777}.Release|Any CPU.ActiveCfg = Release|Any CPU
		{DE68C523-A2C7-4C18-8B06-DC35755C8777}.Release|Any CPU.Build.0 = Release|Any CPU
		{CB44CE73-1ADA-4BB2-BBEB-AE72CB6D0B4F}.Debug|Any CPU.ActiveCfg = Debug|Any CPU
		{CB44CE73-1ADA-4BB2-BBEB-AE72CB6D0B4F}.Debug|Any CPU.Build.0 = Debug|Any CPU
		{CB44CE73-1ADA-4BB2-BBEB-AE72CB6D0B4F}.Release|Any CPU.ActiveCfg = Release|Any CPU
		{CB44CE73-1ADA-4BB2-BBEB-AE72CB6D0B4F}.Release|Any CPU.Build.0 = Release|Any CPU
		{111E6B8F-6E7E-4D94-8A94-FC36B69487AF}.Debug|Any CPU.ActiveCfg = Debug|Any CPU
		{111E6B8F-6E7E-4D94-8A94-FC36B69487AF}.Debug|Any CPU.Build.0 = Debug|Any CPU
		{111E6B8F-6E7E-4D94-8A94-FC36B69487AF}.Release|Any CPU.ActiveCfg = Release|Any CPU
		{111E6B8F-6E7E-4D94-8A94-FC36B69487AF}.Release|Any CPU.Build.0 = Release|Any CPU
		{FCE14DE7-C7DA-46DB-8218-E32A5F080FC5}.Debug|Any CPU.ActiveCfg = Debug|Any CPU
		{FCE14DE7-C7DA-46DB-8218-E32A5F080FC5}.Debug|Any CPU.Build.0 = Debug|Any CPU
		{FCE14DE7-C7DA-46DB-8218-E32A5F080FC5}.Release|Any CPU.ActiveCfg = Release|Any CPU
		{FCE14DE7-C7DA-46DB-8218-E32A5F080FC5}.Release|Any CPU.Build.0 = Release|Any CPU
		{802DB093-7DD0-4517-84C5-658D4FBE822D}.Debug|Any CPU.ActiveCfg = Debug|Any CPU
		{802DB093-7DD0-4517-84C5-658D4FBE822D}.Debug|Any CPU.Build.0 = Debug|Any CPU
		{802DB093-7DD0-4517-84C5-658D4FBE822D}.Release|Any CPU.ActiveCfg = Release|Any CPU
		{802DB093-7DD0-4517-84C5-658D4FBE822D}.Release|Any CPU.Build.0 = Release|Any CPU
		{9A352F3D-D28C-4A7D-87D2-A0A515EE8FE9}.Debug|Any CPU.ActiveCfg = Debug|Any CPU
		{9A352F3D-D28C-4A7D-87D2-A0A515EE8FE9}.Debug|Any CPU.Build.0 = Debug|Any CPU
		{9A352F3D-D28C-4A7D-87D2-A0A515EE8FE9}.Release|Any CPU.ActiveCfg = Release|Any CPU
		{9A352F3D-D28C-4A7D-87D2-A0A515EE8FE9}.Release|Any CPU.Build.0 = Release|Any CPU
		{34076D33-F712-49E9-8EA1-DD596DFA652E}.Debug|Any CPU.ActiveCfg = Debug|Any CPU
		{34076D33-F712-49E9-8EA1-DD596DFA652E}.Debug|Any CPU.Build.0 = Debug|Any CPU
		{34076D33-F712-49E9-8EA1-DD596DFA652E}.Release|Any CPU.ActiveCfg = Release|Any CPU
		{34076D33-F712-49E9-8EA1-DD596DFA652E}.Release|Any CPU.Build.0 = Release|Any CPU
		{58A5DBB8-ABB5-4CFA-BE67-14B257B75B49}.Debug|Any CPU.ActiveCfg = Debug|Any CPU
		{58A5DBB8-ABB5-4CFA-BE67-14B257B75B49}.Debug|Any CPU.Build.0 = Debug|Any CPU
		{58A5DBB8-ABB5-4CFA-BE67-14B257B75B49}.Release|Any CPU.ActiveCfg = Release|Any CPU
		{58A5DBB8-ABB5-4CFA-BE67-14B257B75B49}.Release|Any CPU.Build.0 = Release|Any CPU
	EndGlobalSection
	GlobalSection(NestedProjects) = preSolution
		{DE68C523-A2C7-4C18-8B06-DC35755C8777} = {CBB2FE9D-8D00-4EC5-88F9-A056F83C0E93}
		{CB44CE73-1ADA-4BB2-BBEB-AE72CB6D0B4F} = {1D54A7A5-77E4-43A1-B9CE-E58B8FF5D6A7}
		{111E6B8F-6E7E-4D94-8A94-FC36B69487AF} = {CBB2FE9D-8D00-4EC5-88F9-A056F83C0E93}
		{FCE14DE7-C7DA-46DB-8218-E32A5F080FC5} = {976EF842-34AF-4749-AEE6-73B535DDF88C}
		{802DB093-7DD0-4517-84C5-658D4FBE822D} = {CBB2FE9D-8D00-4EC5-88F9-A056F83C0E93}
		{9A352F3D-D28C-4A7D-87D2-A0A515EE8FE9} = {CBB2FE9D-8D00-4EC5-88F9-A056F83C0E93}
		{34076D33-F712-49E9-8EA1-DD596DFA652E} = {CBB2FE9D-8D00-4EC5-88F9-A056F83C0E93}
		{58A5DBB8-ABB5-4CFA-BE67-14B257B75B49} = {CBB2FE9D-8D00-4EC5-88F9-A056F83C0E93}
	EndGlobalSection
EndGlobal
